
Microsoft Visual Studio Solution File, Format Version 12.00
# Visual Studio Version 16
VisualStudioVersion = 16.0.30804.86
MinimumVisualStudioVersion = 10.0.40219.1
Project("{FAE04EC0-301F-11D3-BF4B-00C04F79EFBC}") = "SampleAPIProjectJWTToken", "SampleAPIProject\SampleAPIProjectJWTToken.csproj", "{8B1485AD-7E68-428D-98CE-D91968197216}"
EndProject
Global
	GlobalSection(SolutionConfigurationPlatforms) = preSolution
		Debug|Any CPU = Debug|Any CPU
		Release|Any CPU = Release|Any CPU
	EndGlobalSection
	GlobalSection(ProjectConfigurationPlatforms) = postSolution
		{8B1485AD-7E68-428D-98CE-D91968197216}.Debug|Any CPU.ActiveCfg = Debug|Any CPU
		{8B1485AD-7E68-428D-98CE-D91968197216}.Debug|Any CPU.Build.0 = Debug|Any CPU
		{8B1485AD-7E68-428D-98CE-D91968197216}.Release|Any CPU.ActiveCfg = Release|Any CPU
		{8B1485AD-7E68-428D-98CE-D91968197216}.Release|Any CPU.Build.0 = Release|Any CPU
	EndGlobalSection
	GlobalSection(SolutionProperties) = preSolution
		HideSolutionNode = FALSE
	EndGlobalSection
	GlobalSection(ExtensibilityGlobals) = postSolution
		SolutionGuid = {56B0554A-A47E-4E66-9347-8EB61D9E9247}
	EndGlobalSection
EndGlobal
