
Microsoft Visual Studio Solution File, Format Version 12.00
# Visual Studio Version 16
VisualStudioVersion = 16.0.30804.86
MinimumVisualStudioVersion = 10.0.40219.1
Project("{FAE04EC0-301F-11D3-BF4B-00C04F79EFBC}") = "UseOfaDictionaryOverLists", "UseOfaDictionaryOverLists\UseOfaDictionaryOverLists.csproj", "{5168EF93-E446-4770-ADAD-BFB71A5294B8}"
EndProject
Global
	GlobalSection(SolutionConfigurationPlatforms) = preSolution
		Debug|Any CPU = Debug|Any CPU
		Release|Any CPU = Release|Any CPU
	EndGlobalSection
	GlobalSection(ProjectConfigurationPlatforms) = postSolution
		{5168EF93-E446-4770-ADAD-BFB71A5294B8}.Debug|Any CPU.ActiveCfg = Debug|Any CPU
		{5168EF93-E446-4770-ADAD-BFB71A5294B8}.Debug|Any CPU.Build.0 = Debug|Any CPU
		{5168EF93-E446-4770-ADAD-BFB71A5294B8}.Release|Any CPU.ActiveCfg = Release|Any CPU
		{5168EF93-E446-4770-ADAD-BFB71A5294B8}.Release|Any CPU.Build.0 = Release|Any CPU
	EndGlobalSection
	GlobalSection(SolutionProperties) = preSolution
		HideSolutionNode = FALSE
	EndGlobalSection
	GlobalSection(ExtensibilityGlobals) = postSolution
		SolutionGuid = {94386048-6410-4123-868D-28890B8125BF}
	EndGlobalSection
EndGlobal
