
Microsoft Visual Studio Solution File, Format Version 12.00
# Visual Studio Version 16
VisualStudioVersion = 16.0.30804.86
MinimumVisualStudioVersion = 10.0.40219.1
Project("{FAE04EC0-301F-11D3-BF4B-00C04F79EFBC}") = "MultiInheritance", "MultiInheritance\MultiInheritance.csproj", "{0448E01A-4CF8-4065-8E8A-7E2FE0DEC502}"
EndProject
Global
	GlobalSection(SolutionConfigurationPlatforms) = preSolution
		Debug|Any CPU = Debug|Any CPU
		Release|Any CPU = Release|Any CPU
	EndGlobalSection
	GlobalSection(ProjectConfigurationPlatforms) = postSolution
		{0448E01A-4CF8-4065-8E8A-7E2FE0DEC502}.Debug|Any CPU.ActiveCfg = Debug|Any CPU
		{0448E01A-4CF8-4065-8E8A-7E2FE0DEC502}.Debug|Any CPU.Build.0 = Debug|Any CPU
		{0448E01A-4CF8-4065-8E8A-7E2FE0DEC502}.Release|Any CPU.ActiveCfg = Release|Any CPU
		{0448E01A-4CF8-4065-8E8A-7E2FE0DEC502}.Release|Any CPU.Build.0 = Release|Any CPU
	EndGlobalSection
	GlobalSection(SolutionProperties) = preSolution
		HideSolutionNode = FALSE
	EndGlobalSection
	GlobalSection(ExtensibilityGlobals) = postSolution
		SolutionGuid = {E3A4DA64-4C74-43A3-9499-119C7BD0CED9}
	EndGlobalSection
EndGlobal
