
Microsoft Visual Studio Solution File, Format Version 12.00
# Visual Studio Version 16
VisualStudioVersion = 16.0.30804.86
MinimumVisualStudioVersion = 10.0.40219.1
Project("{FAE04EC0-301F-11D3-BF4B-00C04F79EFBC}") = "ThreadStartDelegate", "ThreadStartDelegate\ThreadStartDelegate.csproj", "{B42B087A-A977-4852-B258-38F934BC1DF9}"
EndProject
Global
	GlobalSection(SolutionConfigurationPlatforms) = preSolution
		Debug|Any CPU = Debug|Any CPU
		Release|Any CPU = Release|Any CPU
	EndGlobalSection
	GlobalSection(ProjectConfigurationPlatforms) = postSolution
		{B42B087A-A977-4852-B258-38F934BC1DF9}.Debug|Any CPU.ActiveCfg = Debug|Any CPU
		{B42B087A-A977-4852-B258-38F934BC1DF9}.Debug|Any CPU.Build.0 = Debug|Any CPU
		{B42B087A-A977-4852-B258-38F934BC1DF9}.Release|Any CPU.ActiveCfg = Release|Any CPU
		{B42B087A-A977-4852-B258-38F934BC1DF9}.Release|Any CPU.Build.0 = Release|Any CPU
	EndGlobalSection
	GlobalSection(SolutionProperties) = preSolution
		HideSolutionNode = FALSE
	EndGlobalSection
	GlobalSection(ExtensibilityGlobals) = postSolution
		SolutionGuid = {C6E112EF-2E28-4599-8DB5-95305CBBA182}
	EndGlobalSection
EndGlobal
