
Microsoft Visual Studio Solution File, Format Version 12.00
# Visual Studio Version 16
VisualStudioVersion = 16.0.30804.86
MinimumVisualStudioVersion = 10.0.40219.1
Project("{FAE04EC0-301F-11D3-BF4B-00C04F79EFBC}") = "Relection", "Relection\Relection.csproj", "{93A69B0A-B8DE-4EAF-A446-606B66803D50}"
EndProject
Global
	GlobalSection(SolutionConfigurationPlatforms) = preSolution
		Debug|Any CPU = Debug|Any CPU
		Release|Any CPU = Release|Any CPU
	EndGlobalSection
	GlobalSection(ProjectConfigurationPlatforms) = postSolution
		{93A69B0A-B8DE-4EAF-A446-606B66803D50}.Debug|Any CPU.ActiveCfg = Debug|Any CPU
		{93A69B0A-B8DE-4EAF-A446-606B66803D50}.Debug|Any CPU.Build.0 = Debug|Any CPU
		{93A69B0A-B8DE-4EAF-A446-606B66803D50}.Release|Any CPU.ActiveCfg = Release|Any CPU
		{93A69B0A-B8DE-4EAF-A446-606B66803D50}.Release|Any CPU.Build.0 = Release|Any CPU
	EndGlobalSection
	GlobalSection(SolutionProperties) = preSolution
		HideSolutionNode = FALSE
	EndGlobalSection
	GlobalSection(ExtensibilityGlobals) = postSolution
		SolutionGuid = {5D35FDB0-D11C-41A7-ABAD-D1BCD1AAE023}
	EndGlobalSection
EndGlobal
